Microsoft Visual Studio Solution File, Format Version 12.00
# Visual Studio Version 17
VisualStudioVersion = 17.5.2.0
MinimumVisualStudioVersion = 10.0.40219.1
Project("{FAE04EC0-301F-11D3-BF4B-00C04F79EFBC}") = "Torre de Hanoi", "Torre de Hanoi.csproj", "{7707F30F-2302-7FDE-6121-6FB1A3C300D5}"
EndProject
Global
	GlobalSection(SolutionConfigurationPlatforms) = preSolution
		Debug|Any CPU = Debug|Any CPU
		Release|Any CPU = Release|Any CPU
	EndGlobalSection
	GlobalSection(ProjectConfigurationPlatforms) = postSolution
		{7707F30F-2302-7FDE-6121-6FB1A3C300D5}.Debug|Any CPU.ActiveCfg = Debug|Any CPU
		{7707F30F-2302-7FDE-6121-6FB1A3C300D5}.Debug|Any CPU.Build.0 = Debug|Any CPU
		{7707F30F-2302-7FDE-6121-6FB1A3C300D5}.Release|Any CPU.ActiveCfg = Release|Any CPU
		{7707F30F-2302-7FDE-6121-6FB1A3C300D5}.Release|Any CPU.Build.0 = Release|Any CPU
	EndGlobalSection
	GlobalSection(SolutionProperties) = preSolution
		HideSolutionNode = FALSE
	EndGlobalSection
	GlobalSection(ExtensibilityGlobals) = postSolution
		SolutionGuid = {ACB67916-458F-4F68-8574-1846DFAF0C7F}
	EndGlobalSection
EndGlobal
