Microsoft Visual Studio Solution File, Format Version 12.00
# Visual Studio Version 17
VisualStudioVersion = 17.5.2.0
MinimumVisualStudioVersion = 10.0.40219.1
Project("{FAE04EC0-301F-11D3-BF4B-00C04F79EFBC}") = "Simple Quiz", "Simple Quiz.csproj", "{99A035C0-956F-4C1D-0C3E-0DE6CE935CBE}"
EndProject
Global
	GlobalSection(SolutionConfigurationPlatforms) = preSolution
		Debug|Any CPU = Debug|Any CPU
		Release|Any CPU = Release|Any CPU
	EndGlobalSection
	GlobalSection(ProjectConfigurationPlatforms) = postSolution
		{99A035C0-956F-4C1D-0C3E-0DE6CE935CBE}.Debug|Any CPU.ActiveCfg = Debug|Any CPU
		{99A035C0-956F-4C1D-0C3E-0DE6CE935CBE}.Debug|Any CPU.Build.0 = Debug|Any CPU
		{99A035C0-956F-4C1D-0C3E-0DE6CE935CBE}.Release|Any CPU.ActiveCfg = Release|Any CPU
		{99A035C0-956F-4C1D-0C3E-0DE6CE935CBE}.Release|Any CPU.Build.0 = Release|Any CPU
	EndGlobalSection
	GlobalSection(SolutionProperties) = preSolution
		HideSolutionNode = FALSE
	EndGlobalSection
	GlobalSection(ExtensibilityGlobals) = postSolution
		SolutionGuid = {1E86A831-2725-43E8-A6D7-825A59D47C1B}
	EndGlobalSection
EndGlobal
